
Microsoft Visual Studio Solution File, Format Version 12.00
# Visual Studio Version 17
VisualStudioVersion = 17.1.32328.378
MinimumVisualStudioVersion = 10.0.40219.1
Project("{FAE04EC0-301F-11D3-BF4B-00C04F79EFBC}") = "CA2_Server", "CA2_Server\CA2_Server.csproj", "{7D303C05-67E4-4E67-B35D-4C068A088359}"
EndProject
Global
	GlobalSection(SolutionConfigurationPlatforms) = preSolution
		Debug|Any CPU = Debug|Any CPU
		Release|Any CPU = Release|Any CPU
	EndGlobalSection
	GlobalSection(ProjectConfigurationPlatforms) = postSolution
		{7D303C05-67E4-4E67-B35D-4C068A088359}.Debug|Any CPU.ActiveCfg = Debug|Any CPU
		{7D303C05-67E4-4E67-B35D-4C068A088359}.Debug|Any CPU.Build.0 = Debug|Any CPU
		{7D303C05-67E4-4E67-B35D-4C068A088359}.Release|Any CPU.ActiveCfg = Release|Any CPU
		{7D303C05-67E4-4E67-B35D-4C068A088359}.Release|Any CPU.Build.0 = Release|Any CPU
	EndGlobalSection
	GlobalSection(SolutionProperties) = preSolution
		HideSolutionNode = FALSE
	EndGlobalSection
	GlobalSection(ExtensibilityGlobals) = postSolution
		SolutionGuid = {5414C409-4B74-4426-BC7D-1EF8DA854E59}
	EndGlobalSection
EndGlobal
