
Microsoft Visual Studio Solution File, Format Version 12.00
# Visual Studio Version 17
VisualStudioVersion = 17.1.32414.318
MinimumVisualStudioVersion = 10.0.40219.1
Project("{FAE04EC0-301F-11D3-BF4B-00C04F79EFBC}") = "CA2BookServer", "CA2BookServer\CA2BookServer.csproj", "{B8159D03-7876-495C-92C6-ACB43D2D1D89}"
EndProject
Project("{FAE04EC0-301F-11D3-BF4B-00C04F79EFBC}") = "BookServerTest", "BookServerTest\BookServerTest.csproj", "{6BC6D370-EC52-4E3A-A885-718A8FAAF2F7}"
EndProject
Project("{2150E333-8FDC-42A3-9474-1A3956D46DE8}") = "Solution Items", "Solution Items", "{3A65BCB6-41BC-4124-8666-2E2F3240CD4C}"
	ProjectSection(SolutionItems) = preProject
		.editorconfig = .editorconfig
	EndProjectSection
EndProject
Global
	GlobalSection(SolutionConfigurationPlatforms) = preSolution
		Debug|Any CPU = Debug|Any CPU
		Release|Any CPU = Release|Any CPU
	EndGlobalSection
	GlobalSection(ProjectConfigurationPlatforms) = postSolution
		{B8159D03-7876-495C-92C6-ACB43D2D1D89}.Debug|Any CPU.ActiveCfg = Debug|Any CPU
		{B8159D03-7876-495C-92C6-ACB43D2D1D89}.Debug|Any CPU.Build.0 = Debug|Any CPU
		{B8159D03-7876-495C-92C6-ACB43D2D1D89}.Release|Any CPU.ActiveCfg = Release|Any CPU
		{B8159D03-7876-495C-92C6-ACB43D2D1D89}.Release|Any CPU.Build.0 = Release|Any CPU
		{6BC6D370-EC52-4E3A-A885-718A8FAAF2F7}.Debug|Any CPU.ActiveCfg = Debug|Any CPU
		{6BC6D370-EC52-4E3A-A885-718A8FAAF2F7}.Debug|Any CPU.Build.0 = Debug|Any CPU
		{6BC6D370-EC52-4E3A-A885-718A8FAAF2F7}.Release|Any CPU.ActiveCfg = Release|Any CPU
		{6BC6D370-EC52-4E3A-A885-718A8FAAF2F7}.Release|Any CPU.Build.0 = Release|Any CPU
	EndGlobalSection
	GlobalSection(SolutionProperties) = preSolution
		HideSolutionNode = FALSE
	EndGlobalSection
	GlobalSection(ExtensibilityGlobals) = postSolution
		SolutionGuid = {51FB4E65-2101-41CC-958E-6204AB7430E7}
	EndGlobalSection
EndGlobal
